// !$*UTF8*$!
{
	archiveVersion = 1;
	classes = {
	};
	objectVersion = 46;
	objects = {

/* Begin PBXBuildFile section */
		4326A8F21B9A99640050E0EE /* DefaultsSDK.h in Headers */ = {isa = PBXBuildFile; fileRef = 4326A8F11B9A99640050E0EE /* DefaultsSDK.h */; settings = {ATTRIBUTES = (Public, ); }; };
		4326A8F81B9A99640050E0EE /* DefaultsSDK.framework in Frameworks */ = {isa = PBXBuildFile; fileRef = 4326A8EC1B9A99640050E0EE /* DefaultsSDK.framework */; };
		4326A8FF1B9A99640050E0EE /* Defaults_SDKTests.m in Sources */ = {isa = PBXBuildFile; fileRef = 4326A8FE1B9A99640050E0EE /* Defaults_SDKTests.m */; };
		432C2CDA1B9AAFC500A7737F /* Constants.h in Headers */ = {isa = PBXBuildFile; fileRef = 432C2CD81B9AAFC500A7737F /* Constants.h */; };
		432C2CDB1B9AAFC500A7737F /* Constants.m in Sources */ = {isa = PBXBuildFile; fileRef = 432C2CD91B9AAFC500A7737F /* Constants.m */; };
		43F2DD391B9A9BE100837376 /* DFOpen.h in Headers */ = {isa = PBXBuildFile; fileRef = 43F2DD371B9A9BE100837376 /* DFOpen.h */; settings = {ATTRIBUTES = (Public, ); }; };
		43F2DD3A1B9A9BE100837376 /* DFOpen.m in Sources */ = {isa = PBXBuildFile; fileRef = 43F2DD381B9A9BE100837376 /* DFOpen.m */; };
/* End PBXBuildFile section */

/* Begin PBXContainerItemProxy section */
		4326A8F91B9A99640050E0EE /* PBXContainerItemProxy */ = {
			isa = PBXContainerItemProxy;
			containerPortal = 4326A8E31B9A99640050E0EE /* Project object */;
			proxyType = 1;
			remoteGlobalIDString = 4326A8EB1B9A99640050E0EE;
			remoteInfo = "Defaults-SDK";
		};
/* End PBXContainerItemProxy section */

/* Begin PBXFileReference section */
		4326A8EC1B9A99640050E0EE /* DefaultsSDK.framework */ = {isa = PBXFileReference; explicitFileType = wrapper.framework; includeInIndex = 0; path = DefaultsSDK.framework; sourceTree = BUILT_PRODUCTS_DIR; };
		4326A8F01B9A99640050E0EE /* Info.plist */ = {isa = PBXFileReference; lastKnownFileType = text.plist.xml; path = Info.plist; sourceTree = "<group>"; };
		4326A8F11B9A99640050E0EE /* DefaultsSDK.h */ = {isa = PBXFileReference; lastKnownFileType = sourcecode.c.h; path = DefaultsSDK.h; sourceTree = "<group>"; };
		4326A8F71B9A99640050E0EE /* DefaultsSDKTests.xctest */ = {isa = PBXFileReference; explicitFileType = wrapper.cfbundle; includeInIndex = 0; path = DefaultsSDKTests.xctest; sourceTree = BUILT_PRODUCTS_DIR; };
		4326A8FD1B9A99640050E0EE /* Info.plist */ = {isa = PBXFileReference; lastKnownFileType = text.plist.xml; path = Info.plist; sourceTree = "<group>"; };
		4326A8FE1B9A99640050E0EE /* Defaults_SDKTests.m */ = {isa = PBXFileReference; lastKnownFileType = sourcecode.c.objc; path = Defaults_SDKTests.m; sourceTree = "<group>"; };
		432C2CD81B9AAFC500A7737F /* Constants.h */ = {isa = PBXFileReference; fileEncoding = 4; lastKnownFileType = sourcecode.c.h; path = Constants.h; sourceTree = "<group>"; };
		432C2CD91B9AAFC500A7737F /* Constants.m */ = {isa = PBXFileReference; fileEncoding = 4; lastKnownFileType = sourcecode.c.objc; path = Constants.m; sourceTree = "<group>"; };
		43F2DD371B9A9BE100837376 /* DFOpen.h */ = {isa = PBXFileReference; fileEncoding = 4; lastKnownFileType = sourcecode.c.h; path = DFOpen.h; sourceTree = "<group>"; };
		43F2DD381B9A9BE100837376 /* DFOpen.m */ = {isa = PBXFileReference; fileEncoding = 4; lastKnownFileType = sourcecode.c.objc; path = DFOpen.m; sourceTree = "<group>"; };
/* End PBXFileReference section */

/* Begin PBXFrameworksBuildPhase section */
		4326A8E81B9A99640050E0EE /* Frameworks */ = {
			isa = PBXFrameworksBuildPhase;
			buildActionMask = 2147483647;
			files = (
			);
			runOnlyForDeploymentPostprocessing = 0;
		};
		4326A8F41B9A99640050E0EE /* Frameworks */ = {
			isa = PBXFrameworksBuildPhase;
			buildActionMask = 2147483647;
			files = (
				4326A8F81B9A99640050E0EE /* DefaultsSDK.framework in Frameworks */,
			);
			runOnlyForDeploymentPostprocessing = 0;
		};
/* End PBXFrameworksBuildPhase section */

/* Begin PBXGroup section */
		4326A8E21B9A99640050E0EE = {
			isa = PBXGroup;
			children = (
				4326A8EE1B9A99640050E0EE /* DefaultsSDK */,
				4326A8FB1B9A99640050E0EE /* Defaults-SDKTests */,
				4326A8ED1B9A99640050E0EE /* Products */,
			);
			sourceTree = "<group>";
		};
		4326A8ED1B9A99640050E0EE /* Products */ = {
			isa = PBXGroup;
			children = (
				4326A8EC1B9A99640050E0EE /* DefaultsSDK.framework */,
				4326A8F71B9A99640050E0EE /* DefaultsSDKTests.xctest */,
			);
			name = Products;
			sourceTree = "<group>";
		};
		4326A8EE1B9A99640050E0EE /* DefaultsSDK */ = {
			isa = PBXGroup;
			children = (
				4326A8F11B9A99640050E0EE /* DefaultsSDK.h */,
				43F2DD371B9A9BE100837376 /* DFOpen.h */,
				43F2DD381B9A9BE100837376 /* DFOpen.m */,
				432C2CD81B9AAFC500A7737F /* Constants.h */,
				432C2CD91B9AAFC500A7737F /* Constants.m */,
				4326A8EF1B9A99640050E0EE /* Supporting Files */,
			);
			name = DefaultsSDK;
			path = "Defaults-SDK";
			sourceTree = "<group>";
		};
		4326A8EF1B9A99640050E0EE /* Supporting Files */ = {
			isa = PBXGroup;
			children = (
				4326A8F01B9A99640050E0EE /* Info.plist */,
			);
			name = "Supporting Files";
			sourceTree = "<group>";
		};
		4326A8FB1B9A99640050E0EE /* Defaults-SDKTests */ = {
			isa = PBXGroup;
			children = (
				4326A8FE1B9A99640050E0EE /* Defaults_SDKTests.m */,
				4326A8FC1B9A99640050E0EE /* Supporting Files */,
			);
			path = "Defaults-SDKTests";
			sourceTree = "<group>";
		};
		4326A8FC1B9A99640050E0EE /* Supporting Files */ = {
			isa = PBXGroup;
			children = (
				4326A8FD1B9A99640050E0EE /* Info.plist */,
			);
			name = "Supporting Files";
			sourceTree = "<group>";
		};
/* End PBXGroup section */

/* Begin PBXHeadersBuildPhase section */
		4326A8E91B9A99640050E0EE /* Headers */ = {
			isa = PBXHeadersBuildPhase;
			buildActionMask = 2147483647;
			files = (
				43F2DD391B9A9BE100837376 /* DFOpen.h in Headers */,
				4326A8F21B9A99640050E0EE /* DefaultsSDK.h in Headers */,
				432C2CDA1B9AAFC500A7737F /* Constants.h in Headers */,
			);
			runOnlyForDeploymentPostprocessing = 0;
		};
/* End PBXHeadersBuildPhase section */

/* Begin PBXNativeTarget section */
		4326A8EB1B9A99640050E0EE /* DefaultsSDK */ = {
			isa = PBXNativeTarget;
			buildConfigurationList = 4326A9021B9A99640050E0EE /* Build configuration list for PBXNativeTarget "DefaultsSDK" */;
			buildPhases = (
				4326A8E71B9A99640050E0EE /* Sources */,
				4326A8E81B9A99640050E0EE /* Frameworks */,
				4326A8E91B9A99640050E0EE /* Headers */,
				4326A8EA1B9A99640050E0EE /* Resources */,
			);
			buildRules = (
			);
			dependencies = (
			);
			name = DefaultsSDK;
			productName = "Defaults-SDK";
			productReference = 4326A8EC1B9A99640050E0EE /* DefaultsSDK.framework */;
			productType = "com.apple.product-type.framework";
		};
		4326A8F61B9A99640050E0EE /* DefaultsSDKTests */ = {
			isa = PBXNativeTarget;
			buildConfigurationList = 4326A9051B9A99640050E0EE /* Build configuration list for PBXNativeTarget "DefaultsSDKTests" */;
			buildPhases = (
				4326A8F31B9A99640050E0EE /* Sources */,
				4326A8F41B9A99640050E0EE /* Frameworks */,
				4326A8F51B9A99640050E0EE /* Resources */,
			);
			buildRules = (
			);
			dependencies = (
				4326A8FA1B9A99640050E0EE /* PBXTargetDependency */,
			);
			name = DefaultsSDKTests;
			productName = "Defaults-SDKTests";
			productReference = 4326A8F71B9A99640050E0EE /* DefaultsSDKTests.xctest */;
			productType = "com.apple.product-type.bundle.unit-test";
		};
/* End PBXNativeTarget section */

/* Begin PBXProject section */
		4326A8E31B9A99640050E0EE /* Project object */ = {
			isa = PBXProject;
			attributes = {
				LastUpgradeCheck = 0640;
				ORGANIZATIONNAME = Defaults;
				TargetAttributes = {
					4326A8EB1B9A99640050E0EE = {
						CreatedOnToolsVersion = 6.4;
						DevelopmentTeam = Z78P445586;
					};
					4326A8F61B9A99640050E0EE = {
						CreatedOnToolsVersion = 6.4;
					};
				};
			};
			buildConfigurationList = 4326A8E61B9A99640050E0EE /* Build configuration list for PBXProject "DefaultsSDK" */;
			compatibilityVersion = "Xcode 3.2";
			developmentRegion = English;
			hasScannedForEncodings = 0;
			knownRegions = (
				en,
			);
			mainGroup = 4326A8E21B9A99640050E0EE;
			productRefGroup = 4326A8ED1B9A99640050E0EE /* Products */;
			projectDirPath = "";
			projectRoot = "";
			targets = (
				4326A8EB1B9A99640050E0EE /* DefaultsSDK */,
				4326A8F61B9A99640050E0EE /* DefaultsSDKTests */,
			);
		};
/* End PBXProject section */

/* Begin PBXResourcesBuildPhase section */
		4326A8EA1B9A99640050E0EE /* Resources */ = {
			isa = PBXResourcesBuildPhase;
			buildActionMask = 2147483647;
			files = (
			);
			runOnlyForDeploymentPostprocessing = 0;
		};
		4326A8F51B9A99640050E0EE /* Resources */ = {
			isa = PBXResourcesBuildPhase;
			buildActionMask = 2147483647;
			files = (
			);
			runOnlyForDeploymentPostprocessing = 0;
		};
/* End PBXResourcesBuildPhase section */

/* Begin PBXSourcesBuildPhase section */
		4326A8E71B9A99640050E0EE /* Sources */ = {
			isa = PBXSourcesBuildPhase;
			buildActionMask = 2147483647;
			files = (
				43F2DD3A1B9A9BE100837376 /* DFOpen.m in Sources */,
				432C2CDB1B9AAFC500A7737F /* Constants.m in Sources */,
			);
			runOnlyForDeploymentPostprocessing = 0;
		};
		4326A8F31B9A99640050E0EE /* Sources */ = {
			isa = PBXSourcesBuildPhase;
			buildActionMask = 2147483647;
			files = (
				4326A8FF1B9A99640050E0EE /* Defaults_SDKTests.m in Sources */,
			);
			runOnlyForDeploymentPostprocessing = 0;
		};
/* End PBXSourcesBuildPhase section */

/* Begin PBXTargetDependency section */
		4326A8FA1B9A99640050E0EE /* PBXTargetDependency */ = {
			isa = PBXTargetDependency;
			target = 4326A8EB1B9A99640050E0EE /* DefaultsSDK */;
			targetProxy = 4326A8F91B9A99640050E0EE /* PBXContainerItemProxy */;
		};
/* End PBXTargetDependency section */

/* Begin XCBuildConfiguration section */
		4326A9001B9A99640050E0EE /* Debug */ = {
			isa = XCBuildConfiguration;
			buildSettings = {
				ALWAYS_SEARCH_USER_PATHS = NO;
				CLANG_CXX_LANGUAGE_STANDARD = "gnu++0x";
				CLANG_CXX_LIBRARY = "libc++";
				CLANG_ENABLE_MODULES = YES;
				CLANG_ENABLE_OBJC_ARC = YES;
				CLANG_WARN_BOOL_CONVERSION = YES;
				CLANG_WARN_CONSTANT_CONVERSION = YES;
				CLANG_WARN_DIRECT_OBJC_ISA_USAGE = YES_ERROR;
				CLANG_WARN_EMPTY_BODY = YES;
				CLANG_WARN_ENUM_CONVERSION = YES;
				CLANG_WARN_INT_CONVERSION = YES;
				CLANG_WARN_OBJC_ROOT_CLASS = YES_ERROR;
				CLANG_WARN_UNREACHABLE_CODE = YES;
				CLANG_WARN__DUPLICATE_METHOD_MATCH = YES;
				"CODE_SIGN_IDENTITY[sdk=iphoneos*]" = "iPhone Developer";
				COPY_PHASE_STRIP = NO;
				CURRENT_PROJECT_VERSION = 1;
				DEBUG_INFORMATION_FORMAT = "dwarf-with-dsym";
				ENABLE_STRICT_OBJC_MSGSEND = YES;
				GCC_C_LANGUAGE_STANDARD = gnu99;
				GCC_DYNAMIC_NO_PIC = NO;
				GCC_NO_COMMON_BLOCKS = YES;
				GCC_OPTIMIZATION_LEVEL = 0;
				GCC_PREPROCESSOR_DEFINITIONS = (
					"DEBUG=1",
					"$(inherited)",
				);
				GCC_SYMBOLS_PRIVATE_EXTERN = NO;
				GCC_WARN_64_TO_32_BIT_CONVERSION = YES;
				GCC_WARN_ABOUT_RETURN_TYPE = YES_ERROR;
				GCC_WARN_UNDECLARED_SELECTOR = YES;
				GCC_WARN_UNINITIALIZED_AUTOS = YES_AGGRESSIVE;
				GCC_WARN_UNUSED_FUNCTION = YES;
				GCC_WARN_UNUSED_VARIABLE = YES;
				IPHONEOS_DEPLOYMENT_TARGET = 8.4;
				MTL_ENABLE_DEBUG_INFO = YES;
				ONLY_ACTIVE_ARCH = YES;
				SDKROOT = iphoneos;
				TARGETED_DEVICE_FAMILY = "1,2";
				VERSIONING_SYSTEM = "apple-generic";
				VERSION_INFO_PREFIX = "";
			};
			name = Debug;
		};
		4326A9011B9A99640050E0EE /* Release */ = {
			isa = XCBuildConfiguration;
			buildSettings = {
				ALWAYS_SEARCH_USER_PATHS = NO;
				CLANG_CXX_LANGUAGE_STANDARD = "gnu++0x";
				CLANG_CXX_LIBRARY = "libc++";
				CLANG_ENABLE_MODULES = YES;
				CLANG_ENABLE_OBJC_ARC = YES;
				CLANG_WARN_BOOL_CONVERSION = YES;
				CLANG_WARN_CONSTANT_CONVERSION = YES;
				CLANG_WARN_DIRECT_OBJC_ISA_USAGE = YES_ERROR;
				CLANG_WARN_EMPTY_BODY = YES;
				CLANG_WARN_ENUM_CONVERSION = YES;
				CLANG_WARN_INT_CONVERSION = YES;
				CLANG_WARN_OBJC_ROOT_CLASS = YES_ERROR;
				CLANG_WARN_UNREACHABLE_CODE = YES;
				CLANG_WARN__DUPLICATE_METHOD_MATCH = YES;
				"CODE_SIGN_IDENTITY[sdk=iphoneos*]" = "iPhone Developer";
				COPY_PHASE_STRIP = NO;
				CURRENT_PROJECT_VERSION = 1;
				DEBUG_INFORMATION_FORMAT = "dwarf-with-dsym";
				ENABLE_NS_ASSERTIONS = NO;
				ENABLE_STRICT_OBJC_MSGSEND = YES;
				GCC_C_LANGUAGE_STANDARD = gnu99;
				GCC_NO_COMMON_BLOCKS = YES;
				GCC_WARN_64_TO_32_BIT_CONVERSION = YES;
				GCC_WARN_ABOUT_RETURN_TYPE = YES_ERROR;
				GCC_WARN_UNDECLARED_SELECTOR = YES;
				GCC_WARN_UNINITIALIZED_AUTOS = YES_AGGRESSIVE;
				GCC_WARN_UNUSED_FUNCTION = YES;
				GCC_WARN_UNUSED_VARIABLE = YES;
				IPHONEOS_DEPLOYMENT_TARGET = 8.4;
				MTL_ENABLE_DEBUG_INFO = NO;
				SDKROOT = iphoneos;
				TARGETED_DEVICE_FAMILY = "1,2";
				VALIDATE_PRODUCT = YES;
				VERSIONING_SYSTEM = "apple-generic";
				VERSION_INFO_PREFIX = "";
			};
			name = Release;
		};
		4326A9031B9A99640050E0EE /* Debug */ = {
			isa = XCBuildConfiguration;
			buildSettings = {
				CODE_SIGN_IDENTITY = "iPhone Developer";
				DEFINES_MODULE = YES;
				DYLIB_COMPATIBILITY_VERSION = 1;
				DYLIB_CURRENT_VERSION = 1;
				DYLIB_INSTALL_NAME_BASE = "@rpath";
				INFOPLIST_FILE = "Defaults-SDK/Info.plist";
				INSTALL_PATH = "$(LOCAL_LIBRARY_DIR)/Frameworks";
				IPHONEOS_DEPLOYMENT_TARGET = 8.0;
				LD_RUNPATH_SEARCH_PATHS = "$(inherited) @executable_path/Frameworks @loader_path/Frameworks";
				PRODUCT_NAME = "$(TARGET_NAME)";
				SKIP_INSTALL = YES;
			};
			name = Debug;
		};
		4326A9041B9A99640050E0EE /* Release */ = {
			isa = XCBuildConfiguration;
			buildSettings = {
				CODE_SIGN_IDENTITY = "iPhone Developer";
				DEFINES_MODULE = YES;
				DYLIB_COMPATIBILITY_VERSION = 1;
				DYLIB_CURRENT_VERSION = 1;
				DYLIB_INSTALL_NAME_BASE = "@rpath";
				INFOPLIST_FILE = "Defaults-SDK/Info.plist";
				INSTALL_PATH = "$(LOCAL_LIBRARY_DIR)/Frameworks";
				IPHONEOS_DEPLOYMENT_TARGET = 8.0;
				LD_RUNPATH_SEARCH_PATHS = "$(inherited) @executable_path/Frameworks @loader_path/Frameworks";
				PRODUCT_NAME = "$(TARGET_NAME)";
				SKIP_INSTALL = YES;
			};
			name = Release;
		};
		4326A9061B9A99640050E0EE /* Debug */ = {
			isa = XCBuildConfiguration;
			buildSettings = {
				FRAMEWORK_SEARCH_PATHS = (
					"$(SDKROOT)/Developer/Library/Frameworks",
					"$(inherited)",
				);
				GCC_PREPROCESSOR_DEFINITIONS = (
					"DEBUG=1",
					"$(inherited)",
				);
				INFOPLIST_FILE = "Defaults-SDKTests/Info.plist";
				LD_RUNPATH_SEARCH_PATHS = "$(inherited) @executable_path/Frameworks @loader_path/Frameworks";
				PRODUCT_NAME = DefaultsSDKTests;
			};
			name = Debug;
		};
		4326A9071B9A99640050E0EE /* Release */ = {
			isa = XCBuildConfiguration;
			buildSettings = {
				FRAMEWORK_SEARCH_PATHS = (
					"$(SDKROOT)/Developer/Library/Frameworks",
					"$(inherited)",
				);
				INFOPLIST_FILE = "Defaults-SDKTests/Info.plist";
				LD_RUNPATH_SEARCH_PATHS = "$(inherited) @executable_path/Frameworks @loader_path/Frameworks";
				PRODUCT_NAME = DefaultsSDKTests;
			};
			name = Release;
		};
/* End XCBuildConfiguration section */

/* Begin XCConfigurationList section */
		4326A8E61B9A99640050E0EE /* Build configuration list for PBXProject "DefaultsSDK" */ = {
			isa = XCConfigurationList;
			buildConfigurations = (
				4326A9001B9A99640050E0EE /* Debug */,
				4326A9011B9A99640050E0EE /* Release */,
			);
			defaultConfigurationIsVisible = 0;
			defaultConfigurationName = Release;
		};
		4326A9021B9A99640050E0EE /* Build configuration list for PBXNativeTarget "DefaultsSDK" */ = {
			isa = XCConfigurationList;
			buildConfigurations = (
				4326A9031B9A99640050E0EE /* Debug */,
				4326A9041B9A99640050E0EE /* Release */,
			);
			defaultConfigurationIsVisible = 0;
			defaultConfigurationName = Release;
		};
		4326A9051B9A99640050E0EE /* Build configuration list for PBXNativeTarget "DefaultsSDKTests" */ = {
			isa = XCConfigurationList;
			buildConfigurations = (
				4326A9061B9A99640050E0EE /* Debug */,
				4326A9071B9A99640050E0EE /* Release */,
			);
			defaultConfigurationIsVisible = 0;
			defaultConfigurationName = Release;
		};
/* End XCConfigurationList section */
	};
	rootObject = 4326A8E31B9A99640050E0EE /* Project object */;
}
